
Microsoft Visual Studio Solution File, Format Version 12.00
# Visual Studio 14
VisualStudioVersion = 14.0.25420.1
MinimumVisualStudioVersion = 10.0.40219.1
Project("{FAE04EC0-301F-11D3-BF4B-00C04F79EFBC}") = "SecureIM.ChatBackend", "SecureIM.ChatBackend\SecureIM.ChatBackend.csproj", "{C278CDC6-398B-44F6-87B9-78920FA361A5}"
EndProject
Project("{FAE04EC0-301F-11D3-BF4B-00C04F79EFBC}") = "SecureIM.Smartcard", "SecureIM.Smartcard\SecureIM.Smartcard.csproj", "{C4D4F353-9443-4512-9298-6328059B47D3}"
EndProject
Project("{FAE04EC0-301F-11D3-BF4B-00C04F79EFBC}") = "SecureIM.ChatGUI", "SecureIM.ChatGUI\SecureIM.ChatGUI.csproj", "{7D38F2BF-9CC6-4377-9098-9E86B73BEE4B}"
EndProject
Project("{2150E333-8FDC-42A3-9474-1A3956D46DE8}") = "Solution Items", "Solution Items", "{A22C0B05-9A28-4176-87F7-508A65BC5595}"
	ProjectSection(SolutionItems) = preProject
		SecureIM.pssln = SecureIM.pssln
	EndProjectSection
EndProject
Global
	GlobalSection(SolutionConfigurationPlatforms) = preSolution
		Debug|Any CPU = Debug|Any CPU
		Release|Any CPU = Release|Any CPU
	EndGlobalSection
	GlobalSection(ProjectConfigurationPlatforms) = postSolution
		{C278CDC6-398B-44F6-87B9-78920FA361A5}.Debug|Any CPU.ActiveCfg = Debug|Any CPU
		{C278CDC6-398B-44F6-87B9-78920FA361A5}.Debug|Any CPU.Build.0 = Debug|Any CPU
		{C278CDC6-398B-44F6-87B9-78920FA361A5}.Release|Any CPU.ActiveCfg = Release|Any CPU
		{C278CDC6-398B-44F6-87B9-78920FA361A5}.Release|Any CPU.Build.0 = Release|Any CPU
		{C4D4F353-9443-4512-9298-6328059B47D3}.Debug|Any CPU.ActiveCfg = Debug|Any CPU
		{C4D4F353-9443-4512-9298-6328059B47D3}.Debug|Any CPU.Build.0 = Debug|Any CPU
		{C4D4F353-9443-4512-9298-6328059B47D3}.Release|Any CPU.ActiveCfg = Release|Any CPU
		{C4D4F353-9443-4512-9298-6328059B47D3}.Release|Any CPU.Build.0 = Release|Any CPU
		{7D38F2BF-9CC6-4377-9098-9E86B73BEE4B}.Debug|Any CPU.ActiveCfg = Debug|Any CPU
		{7D38F2BF-9CC6-4377-9098-9E86B73BEE4B}.Debug|Any CPU.Build.0 = Debug|Any CPU
		{7D38F2BF-9CC6-4377-9098-9E86B73BEE4B}.Release|Any CPU.ActiveCfg = Release|Any CPU
		{7D38F2BF-9CC6-4377-9098-9E86B73BEE4B}.Release|Any CPU.Build.0 = Release|Any CPU
	EndGlobalSection
	GlobalSection(SolutionProperties) = preSolution
		HideSolutionNode = FALSE
	EndGlobalSection
EndGlobal
